
Microsoft Visual Studio Solution File, Format Version 12.00
# Visual Studio 15
VisualStudioVersion = 15.0.27428.2037
MinimumVisualStudioVersion = 10.0.40219.1
Project("{FAE04EC0-301F-11D3-BF4B-00C04F79EFBC}") = "Calculator", "Calculator\Calculator.csproj", "{0C7D78B0-5DAB-4E04-8769-BB4103C29E18}"
EndProject
Project("{FAE04EC0-301F-11D3-BF4B-00C04F79EFBC}") = "UnitTestCalculator", "UnitTestCalculator\UnitTestCalculator.csproj", "{5E690B5B-B542-400C-B255-71FA58031654}"
EndProject
Global
	GlobalSection(SolutionConfigurationPlatforms) = preSolution
		Debug|Any CPU = Debug|Any CPU
		Release|Any CPU = Release|Any CPU
	EndGlobalSection
	GlobalSection(ProjectConfigurationPlatforms) = postSolution
		{0C7D78B0-5DAB-4E04-8769-BB4103C29E18}.Debug|Any CPU.ActiveCfg = Debug|Any CPU
		{0C7D78B0-5DAB-4E04-8769-BB4103C29E18}.Debug|Any CPU.Build.0 = Debug|Any CPU
		{0C7D78B0-5DAB-4E04-8769-BB4103C29E18}.Release|Any CPU.ActiveCfg = Release|Any CPU
		{0C7D78B0-5DAB-4E04-8769-BB4103C29E18}.Release|Any CPU.Build.0 = Release|Any CPU
		{5E690B5B-B542-400C-B255-71FA58031654}.Debug|Any CPU.ActiveCfg = Debug|Any CPU
		{5E690B5B-B542-400C-B255-71FA58031654}.Debug|Any CPU.Build.0 = Debug|Any CPU
		{5E690B5B-B542-400C-B255-71FA58031654}.Release|Any CPU.ActiveCfg = Release|Any CPU
		{5E690B5B-B542-400C-B255-71FA58031654}.Release|Any CPU.Build.0 = Release|Any CPU
	EndGlobalSection
	GlobalSection(SolutionProperties) = preSolution
		HideSolutionNode = FALSE
	EndGlobalSection
	GlobalSection(ExtensibilityGlobals) = postSolution
		SolutionGuid = {84608EC6-3DB4-415B-87FA-D15DDCF34401}
	EndGlobalSection
EndGlobal
